
Microsoft Visual Studio Solution File, Format Version 12.00
# Visual Studio Version 16
VisualStudioVersion = 16.0.30320.27
MinimumVisualStudioVersion = 10.0.40219.1
Project("{FAE04EC0-301F-11D3-BF4B-00C04F79EFBC}") = "AdventureWorks.Web", "AdventureWorks.Web.csproj", "{DFC2F7EA-FB3C-464B-AC16-0968E36E621C}"
EndProject
Project("{FAE04EC0-301F-11D3-BF4B-00C04F79EFBC}") = "AdventureWorks.Dal", "..\AdventureWorks.Dal\AdventureWorks.Dal.csproj", "{4D5E5871-3D44-4571-BEAA-382BFF381C4F}"
EndProject
Project("{FAE04EC0-301F-11D3-BF4B-00C04F79EFBC}") = "AdventureWorks.Service", "..\AdventureWorks.Service\AdventureWorks.Service.csproj", "{B1B72CCD-35A2-47C5-BEAC-4AE9E3D4DD32}"
EndProject
Project("{FAE04EC0-301F-11D3-BF4B-00C04F79EFBC}") = "AdventureWorks.ServiceTests", "..\AdventureWorks.ServiceTests\AdventureWorks.ServiceTests.csproj", "{19562C9A-6599-4A30-973B-169732632953}"
EndProject
Global
	GlobalSection(SolutionConfigurationPlatforms) = preSolution
		Debug|Any CPU = Debug|Any CPU
		Release|Any CPU = Release|Any CPU
	EndGlobalSection
	GlobalSection(ProjectConfigurationPlatforms) = postSolution
		{DFC2F7EA-FB3C-464B-AC16-0968E36E621C}.Debug|Any CPU.ActiveCfg = Debug|Any CPU
		{DFC2F7EA-FB3C-464B-AC16-0968E36E621C}.Debug|Any CPU.Build.0 = Debug|Any CPU
		{DFC2F7EA-FB3C-464B-AC16-0968E36E621C}.Release|Any CPU.ActiveCfg = Release|Any CPU
		{DFC2F7EA-FB3C-464B-AC16-0968E36E621C}.Release|Any CPU.Build.0 = Release|Any CPU
		{4D5E5871-3D44-4571-BEAA-382BFF381C4F}.Debug|Any CPU.ActiveCfg = Debug|Any CPU
		{4D5E5871-3D44-4571-BEAA-382BFF381C4F}.Debug|Any CPU.Build.0 = Debug|Any CPU
		{4D5E5871-3D44-4571-BEAA-382BFF381C4F}.Release|Any CPU.ActiveCfg = Release|Any CPU
		{4D5E5871-3D44-4571-BEAA-382BFF381C4F}.Release|Any CPU.Build.0 = Release|Any CPU
		{B1B72CCD-35A2-47C5-BEAC-4AE9E3D4DD32}.Debug|Any CPU.ActiveCfg = Debug|Any CPU
		{B1B72CCD-35A2-47C5-BEAC-4AE9E3D4DD32}.Debug|Any CPU.Build.0 = Debug|Any CPU
		{B1B72CCD-35A2-47C5-BEAC-4AE9E3D4DD32}.Release|Any CPU.ActiveCfg = Release|Any CPU
		{B1B72CCD-35A2-47C5-BEAC-4AE9E3D4DD32}.Release|Any CPU.Build.0 = Release|Any CPU
		{19562C9A-6599-4A30-973B-169732632953}.Debug|Any CPU.ActiveCfg = Debug|Any CPU
		{19562C9A-6599-4A30-973B-169732632953}.Debug|Any CPU.Build.0 = Debug|Any CPU
		{19562C9A-6599-4A30-973B-169732632953}.Release|Any CPU.ActiveCfg = Release|Any CPU
		{19562C9A-6599-4A30-973B-169732632953}.Release|Any CPU.Build.0 = Release|Any CPU
	EndGlobalSection
	GlobalSection(SolutionProperties) = preSolution
		HideSolutionNode = FALSE
	EndGlobalSection
	GlobalSection(ExtensibilityGlobals) = postSolution
		SolutionGuid = {43206D24-D776-4751-B37A-5858FEC51A44}
	EndGlobalSection
EndGlobal
